
Microsoft Visual Studio Solution File, Format Version 12.00
# Visual Studio Version 17
VisualStudioVersion = 17.13.35818.85 d17.13
MinimumVisualStudioVersion = 10.0.40219.1
Project("{FAE04EC0-301F-11D3-BF4B-00C04F79EFBC}") = "BulkyWeb", "BulkyWeb\BulkyWeb.csproj", "{81D68E65-FA69-435B-B4A4-C5FEB27B04DF}"
EndProject
Global
	GlobalSection(SolutionConfigurationPlatforms) = preSolution
		Debug|Any CPU = Debug|Any CPU
		Release|Any CPU = Release|Any CPU
	EndGlobalSection
	GlobalSection(ProjectConfigurationPlatforms) = postSolution
		{81D68E65-FA69-435B-B4A4-C5FEB27B04DF}.Debug|Any CPU.ActiveCfg = Debug|Any CPU
		{81D68E65-FA69-435B-B4A4-C5FEB27B04DF}.Debug|Any CPU.Build.0 = Debug|Any CPU
		{81D68E65-FA69-435B-B4A4-C5FEB27B04DF}.Release|Any CPU.ActiveCfg = Release|Any CPU
		{81D68E65-FA69-435B-B4A4-C5FEB27B04DF}.Release|Any CPU.Build.0 = Release|Any CPU
	EndGlobalSection
	GlobalSection(SolutionProperties) = preSolution
		HideSolutionNode = FALSE
	EndGlobalSection
	GlobalSection(ExtensibilityGlobals) = postSolution
		SolutionGuid = {347C73A3-7EA9-4557-AA47-62F424F8DA1D}
	EndGlobalSection
EndGlobal
